
Microsoft Visual Studio Solution File, Format Version 12.00
# Visual Studio 15
VisualStudioVersion = 15.0.27004.2009
MinimumVisualStudioVersion = 10.0.40219.1
Project("{8BC9CEB8-8B4A-11D0-8D11-00A0C91BC942}") = "ConsoleApplication1", "ConsoleApplication1\ConsoleApplication1.vcxproj", "{499F3E4F-8F82-4689-BDCB-48131F4177FD}"
EndProject
Global
	GlobalSection(SolutionConfigurationPlatforms) = preSolution
		Debug|x64 = Debug|x64
		Debug|x86 = Debug|x86
		Release|x64 = Release|x64
		Release|x86 = Release|x86
	EndGlobalSection
	GlobalSection(ProjectConfigurationPlatforms) = postSolution
		{499F3E4F-8F82-4689-BDCB-48131F4177FD}.Debug|x64.ActiveCfg = Debug|x64
		{499F3E4F-8F82-4689-BDCB-48131F4177FD}.Debug|x64.Build.0 = Debug|x64
		{499F3E4F-8F82-4689-BDCB-48131F4177FD}.Debug|x86.ActiveCfg = Debug|Win32
		{499F3E4F-8F82-4689-BDCB-48131F4177FD}.Debug|x86.Build.0 = Debug|Win32
		{499F3E4F-8F82-4689-BDCB-48131F4177FD}.Release|x64.ActiveCfg = Release|x64
		{499F3E4F-8F82-4689-BDCB-48131F4177FD}.Release|x64.Build.0 = Release|x64
		{499F3E4F-8F82-4689-BDCB-48131F4177FD}.Release|x86.ActiveCfg = Release|Win32
		{499F3E4F-8F82-4689-BDCB-48131F4177FD}.Release|x86.Build.0 = Release|Win32
	EndGlobalSection
	GlobalSection(SolutionProperties) = preSolution
		HideSolutionNode = FALSE
	EndGlobalSection
	GlobalSection(ExtensibilityGlobals) = postSolution
		SolutionGuid = {8A00C14D-4BEB-4C89-AAB1-7092549D4C56}
	EndGlobalSection
EndGlobal
