
Microsoft Visual Studio Solution File, Format Version 12.00
# Visual Studio 15
VisualStudioVersion = 15.0.27004.2009
MinimumVisualStudioVersion = 10.0.40219.1
Project("{8BC9CEB8-8B4A-11D0-8D11-00A0C91BC942}") = "ConsoleApplication1", "ConsoleApplication1\ConsoleApplication1.vcxproj", "{4046A7B0-8C86-4362-A0FC-2C5D325D0037}"
EndProject
Global
	GlobalSection(SolutionConfigurationPlatforms) = preSolution
		Debug|x64 = Debug|x64
		Debug|x86 = Debug|x86
		Release|x64 = Release|x64
		Release|x86 = Release|x86
	EndGlobalSection
	GlobalSection(ProjectConfigurationPlatforms) = postSolution
		{4046A7B0-8C86-4362-A0FC-2C5D325D0037}.Debug|x64.ActiveCfg = Debug|x64
		{4046A7B0-8C86-4362-A0FC-2C5D325D0037}.Debug|x64.Build.0 = Debug|x64
		{4046A7B0-8C86-4362-A0FC-2C5D325D0037}.Debug|x86.ActiveCfg = Debug|Win32
		{4046A7B0-8C86-4362-A0FC-2C5D325D0037}.Debug|x86.Build.0 = Debug|Win32
		{4046A7B0-8C86-4362-A0FC-2C5D325D0037}.Release|x64.ActiveCfg = Release|x64
		{4046A7B0-8C86-4362-A0FC-2C5D325D0037}.Release|x64.Build.0 = Release|x64
		{4046A7B0-8C86-4362-A0FC-2C5D325D0037}.Release|x86.ActiveCfg = Release|Win32
		{4046A7B0-8C86-4362-A0FC-2C5D325D0037}.Release|x86.Build.0 = Release|Win32
	EndGlobalSection
	GlobalSection(SolutionProperties) = preSolution
		HideSolutionNode = FALSE
	EndGlobalSection
	GlobalSection(ExtensibilityGlobals) = postSolution
		SolutionGuid = {D0346172-0819-49B8-8431-FCA9813B6DEA}
	EndGlobalSection
EndGlobal
